{
  "name": "@waraw/siluet",
  "version": "0.1.0",
  "lockfileVersion": 1,
  "requires": true,
  "dependencies": {
    "es6-tween": {
      "version": "5.5.11",
      "resolved": "https://registry.npmjs.org/es6-tween/-/es6-tween-5.5.11.tgz",
      "integrity": "sha512-pRog/aPrGkPnblRJvuGcVTxlLqIu1TivB39zc6lw7jgOqIyOkqTBlTVr7ynlLjVGviezfYc3CZJWVAtOU3aoXQ==",
      "dev": true
    },
    "three": {
      "version": "0.125.0",
      "resolved": "https://registry.npmjs.org/three/-/three-0.125.0.tgz",
      "integrity": "sha512-qL36qUGsPQ/Ofo/RZdXwHwM7A8wzUSAIyawtjIebJSPvounUQeneSqxI0aBY2iwKpseGy+RUtj3C5f/z4poyXw==",
      "dev": true
    }
  }
}
